
Microsoft Visual Studio Solution File, Format Version 12.00
# Visual Studio Version 16
VisualStudioVersion = 16.0.29709.97
MinimumVisualStudioVersion = 10.0.40219.1
Project("{FAE04EC0-301F-11D3-BF4B-00C04F79EFBC}") = "EventBus.AzureServiceBus.Standard", "EventBus.AzureServiceBus.Standard\EventBus.AzureServiceBus.Standard.csproj", "{8CAE343A-83A9-4E95-9B14-947FFE46AC21}"
EndProject
Global
	GlobalSection(SolutionConfigurationPlatforms) = preSolution
		Debug|Any CPU = Debug|Any CPU
		Release|Any CPU = Release|Any CPU
	EndGlobalSection
	GlobalSection(ProjectConfigurationPlatforms) = postSolution
		{8CAE343A-83A9-4E95-9B14-947FFE46AC21}.Debug|Any CPU.ActiveCfg = Debug|Any CPU
		{8CAE343A-83A9-4E95-9B14-947FFE46AC21}.Debug|Any CPU.Build.0 = Debug|Any CPU
		{8CAE343A-83A9-4E95-9B14-947FFE46AC21}.Release|Any CPU.ActiveCfg = Release|Any CPU
		{8CAE343A-83A9-4E95-9B14-947FFE46AC21}.Release|Any CPU.Build.0 = Release|Any CPU
	EndGlobalSection
	GlobalSection(SolutionProperties) = preSolution
		HideSolutionNode = FALSE
	EndGlobalSection
	GlobalSection(ExtensibilityGlobals) = postSolution
		SolutionGuid = {B541B22F-2C67-494A-9B5F-E78539711D71}
	EndGlobalSection
EndGlobal
